<Solution>
  <Project Path="Aspire.CoinStack/Aspire.CoinStack.csproj" />
  <Project Path="CoinStack.Data/CoinStack.Data.csproj" />
  <Project Path="CoinStack/CoinStack.csproj" />
  <Project Path="CoinStack.Mobile.Core/CoinStack.Mobile.Core.csproj" />
  <Project Path="CoinStack.Mobile/CoinStack.Mobile.csproj" />
  <Project Path="CoinStack.Tests/CoinStack.Tests.csproj" />
</Solution>
